
Microsoft Visual Studio Solution File, Format Version 12.00
# Visual Studio 15
VisualStudioVersion = 15.0.27703.2026
MinimumVisualStudioVersion = 10.0.40219.1
Project("{FAE04EC0-301F-11D3-BF4B-00C04F79EFBC}") = "WebGridUsing", "WebGridUsing\WebGridUsing.csproj", "{D6D98552-86B4-44E3-A874-41032155F45C}"
EndProject
Global
	GlobalSection(SolutionConfigurationPlatforms) = preSolution
		Debug|Any CPU = Debug|Any CPU
		Release|Any CPU = Release|Any CPU
	EndGlobalSection
	GlobalSection(ProjectConfigurationPlatforms) = postSolution
		{D6D98552-86B4-44E3-A874-41032155F45C}.Debug|Any CPU.ActiveCfg = Debug|Any CPU
		{D6D98552-86B4-44E3-A874-41032155F45C}.Debug|Any CPU.Build.0 = Debug|Any CPU
		{D6D98552-86B4-44E3-A874-41032155F45C}.Release|Any CPU.ActiveCfg = Release|Any CPU
		{D6D98552-86B4-44E3-A874-41032155F45C}.Release|Any CPU.Build.0 = Release|Any CPU
	EndGlobalSection
	GlobalSection(SolutionProperties) = preSolution
		HideSolutionNode = FALSE
	EndGlobalSection
	GlobalSection(ExtensibilityGlobals) = postSolution
		SolutionGuid = {42C75215-E923-4DFD-81BA-1705A1ADF868}
	EndGlobalSection
EndGlobal
